absl-py==2.5.0
addict==2.4.0
aiofiles==24.1.0
annotated-doc==0.0.5
annotated-types==0.8.0
anyio==4.14.2
asttokens==3.0.2
attrs==26.1.0
blinker==1.9.0
brotli==1.2.0
certifi==2026.7.22
charset-normalizer==3.4.9
click==8.4.2
comm==0.2.3
ConfigArgParse==1.7.5
contourpy==1.3.2
cumesh @ git+https://github.com/JeffreyXiang/CuMesh.git@12289e1062f0603f2f0d0771b02e1395d247f26f
cycler==0.12.1
dash==4.4.1
decorator==5.3.1
easydict==1.13
einops==0.8.2
exceptiongroup==1.3.1
executing==2.2.1
fastapi==0.141.1
fastjsonschema==2.22.1
ffmpy==1.0.0
filelock==3.29.0
flash-attn @ https://github.com/Dao-AILab/flash-attention/releases/download/v2.7.3/flash_attn-2.7.3+cu12torch2.6cxx11abiTRUE-cp310-cp310-linux_x86_64.whl#sha256=d7d5ccad1cc385bd9d49f8ab61901948f7aa054f3ce9bec5c5a72e0305290017
Flask==3.1.3
flex_gemm @ git+https://github.com/JeffreyXiang/FlexGEMM.git@6dd94a859c26ee8246888502eada3dd8ad85532e
fonttools==4.63.0
fsspec==2026.4.0
glcontext==3.0.0
gradio==6.0.1
gradio_client==2.0.0
groovy==0.1.2
grpcio==1.83.0
h11==0.16.0
hf-xet==1.5.2
httpcore==1.0.9
httpx==0.28.1
huggingface_hub==0.36.2
idna==3.18
ImageIO==2.37.4
imageio-ffmpeg==0.6.0
importlib_metadata==9.0.0
inquirerpy==0.3.4
ipython==8.39.0
ipywidgets==8.1.8
itsdangerous==2.2.0
janus==2.0.0
jedi==0.20.0
Jinja2==3.1.6
joblib==1.5.3
jsonschema==4.26.0
jsonschema-specifications==2025.9.1
jupyter_core==5.9.1
jupyterlab_widgets==3.0.16
kiwisolver==1.5.0
kornia==0.8.2
kornia_rs==0.1.14
lpips==0.1.4
Markdown==3.10.2
markdown-it-py==4.2.0
MarkupSafe==3.0.3
matplotlib==3.10.9
matplotlib-inline==0.2.2
mdurl==0.1.2
moderngl==5.12.0
mpmath==1.3.0
narwhals==2.24.0
nbformat==5.10.4
nest-asyncio==1.6.0
networkx==3.4.2
ninja==1.13.0
numpy==2.2.6
nvdiffrast @ git+https://github.com/NVlabs/nvdiffrast.git@253ac4fcea7de5f396371124af597e6cc957bfae
nvdiffrec_render @ git+https://github.com/JeffreyXiang/nvdiffrec.git@b296927cc7fd01c2ac1087c8065c4d7248f72da4
nvidia-cublas-cu12==12.6.4.1
nvidia-cuda-cupti-cu12==12.6.80
nvidia-cuda-nvrtc-cu12==12.6.77
nvidia-cuda-runtime-cu12==12.6.77
nvidia-cudnn-cu12==9.5.1.17
nvidia-cufft-cu12==11.3.0.4
nvidia-curand-cu12==10.3.7.77
nvidia-cusolver-cu12==11.7.1.2
nvidia-cusparse-cu12==12.5.4.2
nvidia-cusparselt-cu12==0.6.3
nvidia-nccl-cu12==2.21.5
nvidia-nvjitlink-cu12==12.6.85
nvidia-nvtx-cu12==12.6.77
o_voxel @ file:///home/campus.ncl.ac.uk/nxl51/genrecon/o-voxel
open3d==0.19.0
openexr==3.4.14
opencv-python-headless==5.0.0.93
orjson==3.11.9
packaging==26.2
pandas==2.3.3
parso==0.8.7
pexpect==4.9.0
pfzy==0.3.4
pillow==12.2.0
platformdirs==4.11.0
plotly==6.9.0
plyfile==1.1.5
prompt_toolkit==3.0.53
protobuf==7.35.1
psutil==7.2.2
ptyprocess==0.7.0
pure_eval==0.2.3
pydantic==2.12.4
pydantic_core==2.41.5
pydub==0.25.1
Pygments==2.20.0
pyparsing==3.3.2
pyquaternion==0.9.9
python-dateutil==2.9.0.post0
python-multipart==0.0.32
pytz==2026.3.post1
PyYAML==6.0.3
referencing==0.37.0
regex==2026.7.19
requests==2.34.2
retrying==1.4.2
rich==15.0.0
rpds-py==0.30.0
safehttpx==0.1.7
safetensors==0.8.0
scikit-learn==1.7.2
scipy==1.15.3
semantic-version==2.10.0
shellingham==1.5.4
six==1.17.0
stack-data==0.6.3
starlette==0.52.1
sympy==1.13.1
tensorboard==2.21.0
tensorboard-data-server==0.7.2
threadpoolctl==3.6.0
timm==1.0.28
tokenizers==0.22.2
tomlkit==0.13.3
torch==2.6.0+cu126
torchvision==0.21.0+cu126
tqdm==4.70.0
traitlets==5.15.1
transformers==4.57.3
trimesh==4.12.2
triton==3.2.0
typer==0.27.0
typing-inspection==0.4.2
typing_extensions==4.15.0
tzdata==2026.3
urllib3==2.7.0
utils3d @ git+https://github.com/EasternJournalist/utils3d.git@9a4eb15e4021b67b12c460c7057d642626897ec8
uvicorn==0.52.0
wcwidth==0.8.2
Werkzeug==3.1.8
widgetsnbextension==4.0.15
zipp==4.1.0
zstandard==0.25.0
